{
  "originHash" : "b9cd5c09953d8318bdd8802e1c4886c87cf32133ba596a1da2163ffa6ce9275e",
  "pins" : [
    {
      "identity" : "iossecuritysuite",
      "kind" : "remoteSourceControl",
      "location" : "https://github.com/securing/IOSSecuritySuite.git",
      "state" : {
        "revision" : "0c84a2d3b3832c8f9c9347e6b995668db87e2ba1",
        "version" : "2.2.0"
      }
    }
  ],
  "version" : 3
}
